PODS:
  - YDUtilKit (0.0.7):
    - YDUtilKit/YDBaseUI (= 0.0.7)
    - YDUtilKit/YDFoundation (= 0.0.7)
    - YDUtilKit/YDTools (= 0.0.7)
    - YDUtilKit/YDUIKit (= 0.0.7)
  - YDUtilKit/YDBaseUI (0.0.7)
  - YDUtilKit/YDFoundation (0.0.7)
  - YDUtilKit/YDTools (0.0.7):
    - YDUtilKit/YDFoundation
  - YDUtilKit/YDUIKit (0.0.7):
    - YDUtilKit/YDBaseUI
    - YDUtilKit/YDFoundation

DEPENDENCIES:
  - YDUtilKit (from `./YDUtilKit.podspec`)

EXTERNAL SOURCES:
  YDUtilKit:
    :path: "./YDUtilKit.podspec"

SPEC CHECKSUMS:
  YDUtilKit: 11e020455a0b6451fdf97461f6073ada7826716f

PODFILE CHECKSUM: 32e25d2812c058f9327ea063c0cfdf9914552792

COCOAPODS: 1.14.2
