PODS:
  - YDUtilKit (0.0.2):
    - YDUtilKit/YDBaseUI (= 0.0.2)
    - YDUtilKit/YDFoundation (= 0.0.2)
    - YDUtilKit/YDUIKit (= 0.0.2)
  - YDUtilKit/YDBaseUI (0.0.2)
  - YDUtilKit/YDFoundation (0.0.2)
  - YDUtilKit/YDUIKit (0.0.2):
    - YDUtilKit/YDBaseUI
    - YDUtilKit/YDFoundation

DEPENDENCIES:
  - YDUtilKit (from `./YDUtilKit/YDUtilKit.podspec`)

EXTERNAL SOURCES:
  YDUtilKit:
    :path: "./YDUtilKit/YDUtilKit.podspec"

SPEC CHECKSUMS:
  YDUtilKit: 50e1d1a31db3a19be54682f643acc0ede79f05f3

PODFILE CHECKSUM: dd81f30dd75750ad093be890d4ded59beb445920

COCOAPODS: 1.11.0.beta.2
